
Microsoft Visual Studio Solution File, Format Version 12.00
# Visual Studio Version 17
VisualStudioVersion = 17.8.34511.84
MinimumVisualStudioVersion = 10.0.40219.1
Project("{9A19103F-16F7-4668-BE54-9A1E7A4F7556}") = "Todo.Application", "EmailScheduling\Todo.Application.csproj", "{02B12CED-8859-446E-BD47-4A8C7B3A92C1}"
	ProjectSection(ProjectDependencies) = postProject
		{833CCD75-CA52-42D6-B4E9-F4A4F02AA57E} = {833CCD75-CA52-42D6-B4E9-F4A4F02AA57E}
		{906D0250-147A-4BBE-A43D-704D450C5099} = {906D0250-147A-4BBE-A43D-704D450C5099}
	EndProjectSection
EndProject
Project("{FAE04EC0-301F-11D3-BF4B-00C04F79EFBC}") = "Todo.Email", "EmailScheduling.Email\Todo.Email.csproj", "{906D0250-147A-4BBE-A43D-704D450C5099}"
EndProject
Project("{FAE04EC0-301F-11D3-BF4B-00C04F79EFBC}") = "Todo.Data", "Todo.Data\Todo.Data.csproj", "{833CCD75-CA52-42D6-B4E9-F4A4F02AA57E}"
EndProject
Global
	GlobalSection(SolutionConfigurationPlatforms) = preSolution
		Debug|Any CPU = Debug|Any CPU
		Release|Any CPU = Release|Any CPU
	EndGlobalSection
	GlobalSection(ProjectConfigurationPlatforms) = postSolution
		{02B12CED-8859-446E-BD47-4A8C7B3A92C1}.Debug|Any CPU.ActiveCfg = Debug|Any CPU
		{02B12CED-8859-446E-BD47-4A8C7B3A92C1}.Debug|Any CPU.Build.0 = Debug|Any CPU
		{02B12CED-8859-446E-BD47-4A8C7B3A92C1}.Release|Any CPU.ActiveCfg = Release|Any CPU
		{02B12CED-8859-446E-BD47-4A8C7B3A92C1}.Release|Any CPU.Build.0 = Release|Any CPU
		{906D0250-147A-4BBE-A43D-704D450C5099}.Debug|Any CPU.ActiveCfg = Debug|Any CPU
		{906D0250-147A-4BBE-A43D-704D450C5099}.Debug|Any CPU.Build.0 = Debug|Any CPU
		{906D0250-147A-4BBE-A43D-704D450C5099}.Release|Any CPU.ActiveCfg = Release|Any CPU
		{906D0250-147A-4BBE-A43D-704D450C5099}.Release|Any CPU.Build.0 = Release|Any CPU
		{833CCD75-CA52-42D6-B4E9-F4A4F02AA57E}.Debug|Any CPU.ActiveCfg = Debug|Any CPU
		{833CCD75-CA52-42D6-B4E9-F4A4F02AA57E}.Debug|Any CPU.Build.0 = Debug|Any CPU
		{833CCD75-CA52-42D6-B4E9-F4A4F02AA57E}.Release|Any CPU.ActiveCfg = Release|Any CPU
		{833CCD75-CA52-42D6-B4E9-F4A4F02AA57E}.Release|Any CPU.Build.0 = Release|Any CPU
	EndGlobalSection
	GlobalSection(SolutionProperties) = preSolution
		HideSolutionNode = FALSE
	EndGlobalSection
	GlobalSection(ExtensibilityGlobals) = postSolution
		SolutionGuid = {C055B17E-E0DD-49D1-B6FB-AB5406F6F709}
	EndGlobalSection
EndGlobal
